
Microsoft Visual Studio Solution File, Format Version 12.00
# Visual Studio Version 17
VisualStudioVersion = 17.5.33414.496
MinimumVisualStudioVersion = 10.0.40219.1
Project("{9A19103F-16F7-4668-BE54-9A1E7A4F7556}") = "RGO.App", "RGO.App.csproj", "{AB765718-EF27-4317-A328-1A39F1112252}"
EndProject
Project("{FAE04EC0-301F-11D3-BF4B-00C04F79EFBC}") = "RGO.Domain", "..\RGO.Domain\RGO.Domain.csproj", "{890463C5-6C22-4BD7-8518-E333E0CB196A}"
EndProject
Project("{FAE04EC0-301F-11D3-BF4B-00C04F79EFBC}") = "RGO.Repository", "..\RGO.Repository\RGO.Repository.csproj", "{10951FEE-670E-494B-ADCC-05835BC97234}"
EndProject
Global
	GlobalSection(SolutionConfigurationPlatforms) = preSolution
		Debug|Any CPU = Debug|Any CPU
		Release|Any CPU = Release|Any CPU
	EndGlobalSection
	GlobalSection(ProjectConfigurationPlatforms) = postSolution
		{AB765718-EF27-4317-A328-1A39F1112252}.Debug|Any CPU.ActiveCfg = Debug|Any CPU
		{AB765718-EF27-4317-A328-1A39F1112252}.Debug|Any CPU.Build.0 = Debug|Any CPU
		{AB765718-EF27-4317-A328-1A39F1112252}.Release|Any CPU.ActiveCfg = Release|Any CPU
		{AB765718-EF27-4317-A328-1A39F1112252}.Release|Any CPU.Build.0 = Release|Any CPU
		{890463C5-6C22-4BD7-8518-E333E0CB196A}.Debug|Any CPU.ActiveCfg = Debug|Any CPU
		{890463C5-6C22-4BD7-8518-E333E0CB196A}.Debug|Any CPU.Build.0 = Debug|Any CPU
		{890463C5-6C22-4BD7-8518-E333E0CB196A}.Release|Any CPU.ActiveCfg = Release|Any CPU
		{890463C5-6C22-4BD7-8518-E333E0CB196A}.Release|Any CPU.Build.0 = Release|Any CPU
		{10951FEE-670E-494B-ADCC-05835BC97234}.Debug|Any CPU.ActiveCfg = Debug|Any CPU
		{10951FEE-670E-494B-ADCC-05835BC97234}.Debug|Any CPU.Build.0 = Debug|Any CPU
		{10951FEE-670E-494B-ADCC-05835BC97234}.Release|Any CPU.ActiveCfg = Release|Any CPU
		{10951FEE-670E-494B-ADCC-05835BC97234}.Release|Any CPU.Build.0 = Release|Any CPU
	EndGlobalSection
	GlobalSection(SolutionProperties) = preSolution
		HideSolutionNode = FALSE
	EndGlobalSection
	GlobalSection(ExtensibilityGlobals) = postSolution
		SolutionGuid = {3E6CBBB8-BBCE-42DF-B9EE-7BBE7C598E1A}
	EndGlobalSection
EndGlobal
